# THIS IS AN AUTOGENERATED FILE. DO NOT EDIT THIS FILE DIRECTLY.
# yarn lockfile v1


"corepack@^0.10.0":
  "integrity" "sha512-aYNDvUd909DbxnC6XQtcvwEANhfis724VSifk/ADAAgJTc9cabKHR3tREJge0nIBr67vVEo1YPuLKgrnu7r99g=="
  "resolved" "https://registry.npmjs.org/corepack/-/corepack-0.10.0.tgz"
  "version" "0.10.0"
